<Solution>
  <Project Path="ds.array.example/ds.array.example.csproj" />
  <Project Path="ds.avltree.example/ds.avltree.example.csproj" />
  <Project Path="ds.binaryheap.example/ds.binaryheap.example.csproj" />
  <Project Path="ds.binarytree.example/ds.binarytree.example.csproj" />
  <Project Path="ds.graph.example/ds.graph.example.csproj" />
  <Project Path="ds.launcher/ds.launcher.csproj" />
  <Project Path="ds.hashtable.example/ds.hashtable.example.csproj" />
  <Project Path="ds.linkedlist.example/ds.linkedlist.example.csproj" />
  <Project Path="ds.redblacktree.example/ds.redblacktree.example.csproj" />
  <Project Path="ds.shared/ds.shared.csproj" />
  <Project Path="ds.stack.queue.example/ds.stack.queue.example.csproj" />
</Solution>
